Microsoft Visual Studio Solution File, Format Version 12.00
# Visual Studio Version 17
VisualStudioVersion = 17.5.2.0
MinimumVisualStudioVersion = 10.0.40219.1
Project("{FAE04EC0-301F-11D3-BF4B-00C04F79EFBC}") = "GuckGuck_macOS", "GuckGuck_macOS.csproj", "{037D6174-ECF4-9A14-7EB9-39A7C493ADF9}"
EndProject
Global
	GlobalSection(SolutionConfigurationPlatforms) = preSolution
		Debug|Any CPU = Debug|Any CPU
		Release|Any CPU = Release|Any CPU
	EndGlobalSection
	GlobalSection(ProjectConfigurationPlatforms) = postSolution
		{037D6174-ECF4-9A14-7EB9-39A7C493ADF9}.Debug|Any CPU.ActiveCfg = Debug|Any CPU
		{037D6174-ECF4-9A14-7EB9-39A7C493ADF9}.Debug|Any CPU.Build.0 = Debug|Any CPU
		{037D6174-ECF4-9A14-7EB9-39A7C493ADF9}.Release|Any CPU.ActiveCfg = Release|Any CPU
		{037D6174-ECF4-9A14-7EB9-39A7C493ADF9}.Release|Any CPU.Build.0 = Release|Any CPU
	EndGlobalSection
	GlobalSection(SolutionProperties) = preSolution
		HideSolutionNode = FALSE
	EndGlobalSection
	GlobalSection(ExtensibilityGlobals) = postSolution
		SolutionGuid = {501F6F5B-353D-400C-9367-AD51122F945A}
	EndGlobalSection
EndGlobal
